
Microsoft Visual Studio Solution File, Format Version 12.00
# Visual Studio Version 17
VisualStudioVersion = 17.10.35027.167
MinimumVisualStudioVersion = 10.0.40219.1
Project("{FAE04EC0-301F-11D3-BF4B-00C04F79EFBC}") = "Tasks Scheduling (medium)", "Tasks Scheduling (medium)\Tasks Scheduling (medium).csproj", "{266FDBF0-BC6B-4810-9576-98F4F9E5D3A5}"
EndProject
Global
	GlobalSection(SolutionConfigurationPlatforms) = preSolution
		Debug|Any CPU = Debug|Any CPU
		Release|Any CPU = Release|Any CPU
	EndGlobalSection
	GlobalSection(ProjectConfigurationPlatforms) = postSolution
		{266FDBF0-BC6B-4810-9576-98F4F9E5D3A5}.Debug|Any CPU.ActiveCfg = Debug|Any CPU
		{266FDBF0-BC6B-4810-9576-98F4F9E5D3A5}.Debug|Any CPU.Build.0 = Debug|Any CPU
		{266FDBF0-BC6B-4810-9576-98F4F9E5D3A5}.Release|Any CPU.ActiveCfg = Release|Any CPU
		{266FDBF0-BC6B-4810-9576-98F4F9E5D3A5}.Release|Any CPU.Build.0 = Release|Any CPU
	EndGlobalSection
	GlobalSection(SolutionProperties) = preSolution
		HideSolutionNode = FALSE
	EndGlobalSection
	GlobalSection(ExtensibilityGlobals) = postSolution
		SolutionGuid = {244A2E6F-6E0A-4969-BCBB-40B44E7D99F0}
	EndGlobalSection
EndGlobal
